// !$*UTF8*$!
{
	archiveVersion = 1;
	classes = {
	};
	objectVersion = 46;
	objects = {

/* Begin PBXBuildFile section */
		3239F90E1A81041200C4DDB2 /* StickerCell.m in Sources */ = {isa = PBXBuildFile; fileRef = 3239F90D1A81041200C4DDB2 /* StickerCell.m */; };
		3239F9111A81043A00C4DDB2 /* StickerSelectionView.m in Sources */ = {isa = PBXBuildFile; fileRef = 3239F9101A81043A00C4DDB2 /* StickerSelectionView.m */; };
		3239F9141A81133800C4DDB2 /* SuccessViewController.m in Sources */ = {isa = PBXBuildFile; fileRef = 3239F9131A81133800C4DDB2 /* SuccessViewController.m */; };
		32B642D71A80FBCB00FD6341 /* main.m in Sources */ = {isa = PBXBuildFile; fileRef = 32B642D61A80FBCB00FD6341 /* main.m */; };
		32B642DA1A80FBCB00FD6341 /* AppDelegate.m in Sources */ = {isa = PBXBuildFile; fileRef = 32B642D91A80FBCB00FD6341 /* AppDelegate.m */; };
		32B642DD1A80FBCB00FD6341 /* sticker.xcdatamodeld in Sources */ = {isa = PBXBuildFile; fileRef = 32B642DB1A80FBCB00FD6341 /* sticker.xcdatamodeld */; };
		32B642E01A80FBCB00FD6341 /* ViewController.m in Sources */ = {isa = PBXBuildFile; fileRef = 32B642DF1A80FBCB00FD6341 /* ViewController.m */; };
		32B642E31A80FBCB00FD6341 /* Main.storyboard in Resources */ = {isa = PBXBuildFile; fileRef = 32B642E11A80FBCB00FD6341 /* Main.storyboard */; };
		32B642E51A80FBCB00FD6341 /* Images.xcassets in Resources */ = {isa = PBXBuildFile; fileRef = 32B642E41A80FBCB00FD6341 /* Images.xcassets */; };
		32B642E81A80FBCB00FD6341 /* LaunchScreen.xib in Resources */ = {isa = PBXBuildFile; fileRef = 32B642E61A80FBCB00FD6341 /* LaunchScreen.xib */; };
		32B642F41A80FBCB00FD6341 /* stickerTests.m in Sources */ = {isa = PBXBuildFile; fileRef = 32B642F31A80FBCB00FD6341 /* stickerTests.m */; };
		32B642FF1A80FD7D00FD6341 /* WorkView.m in Sources */ = {isa = PBXBuildFile; fileRef = 32B642FE1A80FD7D00FD6341 /* WorkView.m */; };
		32B643031A80FDBB00FD6341 /* Sticker.m in Sources */ = {isa = PBXBuildFile; fileRef = 32B643021A80FDBB00FD6341 /* Sticker.m */; };
		32B643061A81003200FD6341 /* StickerView.m in Sources */ = {isa = PBXBuildFile; fileRef = 32B643051A81003200FD6341 /* StickerView.m */; };
		32B643091A8100BE00FD6341 /* ZYUIImagePickerHelper.m in Sources */ = {isa = PBXBuildFile; fileRef = 32B643081A8100BE00FD6341 /* ZYUIImagePickerHelper.m */; };
		8D4DE8869F9B426D181BD4F1 /* libPods.a in Frameworks */ = {isa = PBXBuildFile; fileRef = E14A73AF0F92816AA82BB6E0 /* libPods.a */; };
/* End PBXBuildFile section */

/* Begin PBXContainerItemProxy section */
		32B642EE1A80FBCB00FD6341 /* PBXContainerItemProxy */ = {
			isa = PBXContainerItemProxy;
			containerPortal = 32B642C91A80FBCB00FD6341 /* Project object */;
			proxyType = 1;
			remoteGlobalIDString = 32B642D01A80FBCB00FD6341;
			remoteInfo = sticker;
		};
/* End PBXContainerItemProxy section */

/* Begin PBXFileReference section */
		3239F90C1A81041200C4DDB2 /* StickerCell.h */ = {isa = PBXFileReference; fileEncoding = 4; lastKnownFileType = sourcecode.c.h; path = StickerCell.h; sourceTree = "<group>"; };
		3239F90D1A81041200C4DDB2 /* StickerCell.m */ = {isa = PBXFileReference; fileEncoding = 4; lastKnownFileType = sourcecode.c.objc; path = StickerCell.m; sourceTree = "<group>"; };
		3239F90F1A81043A00C4DDB2 /* StickerSelectionView.h */ = {isa = PBXFileReference; fileEncoding = 4; lastKnownFileType = sourcecode.c.h; path = StickerSelectionView.h; sourceTree = "<group>"; };
		3239F9101A81043A00C4DDB2 /* StickerSelectionView.m */ = {isa = PBXFileReference; fileEncoding = 4; lastKnownFileType = sourcecode.c.objc; path = StickerSelectionView.m; sourceTree = "<group>"; };
		3239F9121A81133800C4DDB2 /* SuccessViewController.h */ = {isa = PBXFileReference; fileEncoding = 4; lastKnownFileType = sourcecode.c.h; path = SuccessViewController.h; sourceTree = "<group>"; };
		3239F9131A81133800C4DDB2 /* SuccessViewController.m */ = {isa = PBXFileReference; fileEncoding = 4; lastKnownFileType = sourcecode.c.objc; path = SuccessViewController.m; sourceTree = "<group>"; };
		32B642D11A80FBCB00FD6341 /* sticker.app */ = {isa = PBXFileReference; explicitFileType = wrapper.application; includeInIndex = 0; path = sticker.app; sourceTree = BUILT_PRODUCTS_DIR; };
		32B642D51A80FBCB00FD6341 /* Info.plist */ = {isa = PBXFileReference; lastKnownFileType = text.plist.xml; path = Info.plist; sourceTree = "<group>"; };
		32B642D61A80FBCB00FD6341 /* main.m */ = {isa = PBXFileReference; lastKnownFileType = sourcecode.c.objc; path = main.m; sourceTree = "<group>"; };
		32B642D81A80FBCB00FD6341 /* AppDelegate.h */ = {isa = PBXFileReference; lastKnownFileType = sourcecode.c.h; path = AppDelegate.h; sourceTree = "<group>"; };
		32B642D91A80FBCB00FD6341 /* AppDelegate.m */ = {isa = PBXFileReference; lastKnownFileType = sourcecode.c.objc; path = AppDelegate.m; sourceTree = "<group>"; };
		32B642DC1A80FBCB00FD6341 /* sticker.xcdatamodel */ = {isa = PBXFileReference; lastKnownFileType = wrapper.xcdatamodel; path = sticker.xcdatamodel; sourceTree = "<group>"; };
		32B642DE1A80FBCB00FD6341 /* ViewController.h */ = {isa = PBXFileReference; lastKnownFileType = sourcecode.c.h; path = ViewController.h; sourceTree = "<group>"; };
		32B642DF1A80FBCB00FD6341 /* ViewController.m */ = {isa = PBXFileReference; lastKnownFileType = sourcecode.c.objc; path = ViewController.m; sourceTree = "<group>"; };
		32B642E21A80FBCB00FD6341 /* Base */ = {isa = PBXFileReference; lastKnownFileType = file.storyboard; name = Base; path = Base.lproj/Main.storyboard; sourceTree = "<group>"; };
		32B642E41A80FBCB00FD6341 /* Images.xcassets */ = {isa = PBXFileReference; lastKnownFileType = folder.assetcatalog; path = Images.xcassets; sourceTree = "<group>"; };
		32B642E71A80FBCB00FD6341 /* Base */ = {isa = PBXFileReference; lastKnownFileType = file.xib; name = Base; path = Base.lproj/LaunchScreen.xib; sourceTree = "<group>"; };
		32B642ED1A80FBCB00FD6341 /* stickerTests.xctest */ = {isa = PBXFileReference; explicitFileType = wrapper.cfbundle; includeInIndex = 0; path = stickerTests.xctest; sourceTree = BUILT_PRODUCTS_DIR; };
		32B642F21A80FBCB00FD6341 /* Info.plist */ = {isa = PBXFileReference; lastKnownFileType = text.plist.xml; path = Info.plist; sourceTree = "<group>"; };
		32B642F31A80FBCB00FD6341 /* stickerTests.m */ = {isa = PBXFileReference; lastKnownFileType = sourcecode.c.objc; path = stickerTests.m; sourceTree = "<group>"; };
		32B642FD1A80FD7D00FD6341 /* WorkView.h */ = {isa = PBXFileReference; fileEncoding = 4; lastKnownFileType = sourcecode.c.h; path = WorkView.h; sourceTree = "<group>"; };
		32B642FE1A80FD7D00FD6341 /* WorkView.m */ = {isa = PBXFileReference; fileEncoding = 4; lastKnownFileType = sourcecode.c.objc; path = WorkView.m; sourceTree = "<group>"; };
		32B643011A80FDBB00FD6341 /* Sticker.h */ = {isa = PBXFileReference; fileEncoding = 4; lastKnownFileType = sourcecode.c.h; path = Sticker.h; sourceTree = "<group>"; };
		32B643021A80FDBB00FD6341 /* Sticker.m */ = {isa = PBXFileReference; fileEncoding = 4; lastKnownFileType = sourcecode.c.objc; path = Sticker.m; sourceTree = "<group>"; };
		32B643041A81003200FD6341 /* StickerView.h */ = {isa = PBXFileReference; fileEncoding = 4; lastKnownFileType = sourcecode.c.h; path = StickerView.h; sourceTree = "<group>"; };
		32B643051A81003200FD6341 /* StickerView.m */ = {isa = PBXFileReference; fileEncoding = 4; lastKnownFileType = sourcecode.c.objc; path = StickerView.m; sourceTree = "<group>"; };
		32B643071A8100BE00FD6341 /* ZYUIImagePickerHelper.h */ = {isa = PBXFileReference; fileEncoding = 4; lastKnownFileType = sourcecode.c.h; path = ZYUIImagePickerHelper.h; sourceTree = "<group>"; };
		32B643081A8100BE00FD6341 /* ZYUIImagePickerHelper.m */ = {isa = PBXFileReference; fileEncoding = 4; lastKnownFileType = sourcecode.c.objc; path = ZYUIImagePickerHelper.m; sourceTree = "<group>"; };
		C4949CBA1412E618012CA765 /* Pods.debug.xcconfig */ = {isa = PBXFileReference; includeInIndex = 1; lastKnownFileType = text.xcconfig; name = Pods.debug.xcconfig; path = "Pods/Target Support Files/Pods/Pods.debug.xcconfig"; sourceTree = "<group>"; };
		DDE4CDD5677DC3040C816F6E /* Pods.release.xcconfig */ = {isa = PBXFileReference; includeInIndex = 1; lastKnownFileType = text.xcconfig; name = Pods.release.xcconfig; path = "Pods/Target Support Files/Pods/Pods.release.xcconfig"; sourceTree = "<group>"; };
		E14A73AF0F92816AA82BB6E0 /* libPods.a */ = {isa = PBXFileReference; explicitFileType = archive.ar; includeInIndex = 0; path = libPods.a; sourceTree = BUILT_PRODUCTS_DIR; };
/* End PBXFileReference section */

/* Begin PBXFrameworksBuildPhase section */
		32B642CE1A80FBCB00FD6341 /* Frameworks */ = {
			isa = PBXFrameworksBuildPhase;
			buildActionMask = 2147483647;
			files = (
				8D4DE8869F9B426D181BD4F1 /* libPods.a in Frameworks */,
			);
			runOnlyForDeploymentPostprocessing = 0;
		};
		32B642EA1A80FBCB00FD6341 /* Frameworks */ = {
			isa = PBXFrameworksBuildPhase;
			buildActionMask = 2147483647;
			files = (
			);
			runOnlyForDeploymentPostprocessing = 0;
		};
/* End PBXFrameworksBuildPhase section */

/* Begin PBXGroup section */
		32B642C81A80FBCB00FD6341 = {
			isa = PBXGroup;
			children = (
				32B642D31A80FBCB00FD6341 /* sticker */,
				32B642F01A80FBCB00FD6341 /* stickerTests */,
				32B642D21A80FBCB00FD6341 /* Products */,
				C64E8D7980D94EA128E8FA7D /* Pods */,
				8C1098F7CDE08F1B8AD0205A /* Frameworks */,
			);
			sourceTree = "<group>";
		};
		32B642D21A80FBCB00FD6341 /* Products */ = {
			isa = PBXGroup;
			children = (
				32B642D11A80FBCB00FD6341 /* sticker.app */,
				32B642ED1A80FBCB00FD6341 /* stickerTests.xctest */,
			);
			name = Products;
			sourceTree = "<group>";
		};
		32B642D31A80FBCB00FD6341 /* sticker */ = {
			isa = PBXGroup;
			children = (
				32B6430A1A8100D300FD6341 /* Helper */,
				32B643001A80FDA900FD6341 /* Module */,
				32B642D81A80FBCB00FD6341 /* AppDelegate.h */,
				32B642D91A80FBCB00FD6341 /* AppDelegate.m */,
				32B642DE1A80FBCB00FD6341 /* ViewController.h */,
				32B642DF1A80FBCB00FD6341 /* ViewController.m */,
				3239F9121A81133800C4DDB2 /* SuccessViewController.h */,
				3239F9131A81133800C4DDB2 /* SuccessViewController.m */,
				32B642FD1A80FD7D00FD6341 /* WorkView.h */,
				32B642FE1A80FD7D00FD6341 /* WorkView.m */,
				3239F90F1A81043A00C4DDB2 /* StickerSelectionView.h */,
				3239F9101A81043A00C4DDB2 /* StickerSelectionView.m */,
				32B643041A81003200FD6341 /* StickerView.h */,
				32B643051A81003200FD6341 /* StickerView.m */,
				3239F90C1A81041200C4DDB2 /* StickerCell.h */,
				3239F90D1A81041200C4DDB2 /* StickerCell.m */,
				32B642E11A80FBCB00FD6341 /* Main.storyboard */,
				32B642E41A80FBCB00FD6341 /* Images.xcassets */,
				32B642E61A80FBCB00FD6341 /* LaunchScreen.xib */,
				32B642DB1A80FBCB00FD6341 /* sticker.xcdatamodeld */,
				32B642D41A80FBCB00FD6341 /* Supporting Files */,
			);
			path = sticker;
			sourceTree = "<group>";
		};
		32B642D41A80FBCB00FD6341 /* Supporting Files */ = {
			isa = PBXGroup;
			children = (
				32B642D51A80FBCB00FD6341 /* Info.plist */,
				32B642D61A80FBCB00FD6341 /* main.m */,
			);
			name = "Supporting Files";
			sourceTree = "<group>";
		};
		32B642F01A80FBCB00FD6341 /* stickerTests */ = {
			isa = PBXGroup;
			children = (
				32B642F31A80FBCB00FD6341 /* stickerTests.m */,
				32B642F11A80FBCB00FD6341 /* Supporting Files */,
			);
			path = stickerTests;
			sourceTree = "<group>";
		};
		32B642F11A80FBCB00FD6341 /* Supporting Files */ = {
			isa = PBXGroup;
			children = (
				32B642F21A80FBCB00FD6341 /* Info.plist */,
			);
			name = "Supporting Files";
			sourceTree = "<group>";
		};
		32B643001A80FDA900FD6341 /* Module */ = {
			isa = PBXGroup;
			children = (
				32B643011A80FDBB00FD6341 /* Sticker.h */,
				32B643021A80FDBB00FD6341 /* Sticker.m */,
			);
			name = Module;
			sourceTree = "<group>";
		};
		32B6430A1A8100D300FD6341 /* Helper */ = {
			isa = PBXGroup;
			children = (
				32B643071A8100BE00FD6341 /* ZYUIImagePickerHelper.h */,
				32B643081A8100BE00FD6341 /* ZYUIImagePickerHelper.m */,
			);
			name = Helper;
			sourceTree = "<group>";
		};
		8C1098F7CDE08F1B8AD0205A /* Frameworks */ = {
			isa = PBXGroup;
			children = (
				E14A73AF0F92816AA82BB6E0 /* libPods.a */,
			);
			name = Frameworks;
			sourceTree = "<group>";
		};
		C64E8D7980D94EA128E8FA7D /* Pods */ = {
			isa = PBXGroup;
			children = (
				C4949CBA1412E618012CA765 /* Pods.debug.xcconfig */,
				DDE4CDD5677DC3040C816F6E /* Pods.release.xcconfig */,
			);
			name = Pods;
			sourceTree = "<group>";
		};
/* End PBXGroup section */

/* Begin PBXNativeTarget section */
		32B642D01A80FBCB00FD6341 /* sticker */ = {
			isa = PBXNativeTarget;
			buildConfigurationList = 32B642F71A80FBCB00FD6341 /* Build configuration list for PBXNativeTarget "sticker" */;
			buildPhases = (
				321CE9AC3F37AB2D9DAC33E4 /* Check Pods Manifest.lock */,
				32B642CD1A80FBCB00FD6341 /* Sources */,
				32B642CE1A80FBCB00FD6341 /* Frameworks */,
				32B642CF1A80FBCB00FD6341 /* Resources */,
				30DEC072D7F367ACFDD25803 /* Copy Pods Resources */,
			);
			buildRules = (
			);
			dependencies = (
			);
			name = sticker;
			productName = sticker;
			productReference = 32B642D11A80FBCB00FD6341 /* sticker.app */;
			productType = "com.apple.product-type.application";
		};
		32B642EC1A80FBCB00FD6341 /* stickerTests */ = {
			isa = PBXNativeTarget;
			buildConfigurationList = 32B642FA1A80FBCB00FD6341 /* Build configuration list for PBXNativeTarget "stickerTests" */;
			buildPhases = (
				32B642E91A80FBCB00FD6341 /* Sources */,
				32B642EA1A80FBCB00FD6341 /* Frameworks */,
				32B642EB1A80FBCB00FD6341 /* Resources */,
			);
			buildRules = (
			);
			dependencies = (
				32B642EF1A80FBCB00FD6341 /* PBXTargetDependency */,
			);
			name = stickerTests;
			productName = stickerTests;
			productReference = 32B642ED1A80FBCB00FD6341 /* stickerTests.xctest */;
			productType = "com.apple.product-type.bundle.unit-test";
		};
/* End PBXNativeTarget section */

/* Begin PBXProject section */
		32B642C91A80FBCB00FD6341 /* Project object */ = {
			isa = PBXProject;
			attributes = {
				LastUpgradeCheck = 0610;
				ORGANIZATIONNAME = LiuZiyang;
				TargetAttributes = {
					32B642D01A80FBCB00FD6341 = {
						CreatedOnToolsVersion = 6.1.1;
					};
					32B642EC1A80FBCB00FD6341 = {
						CreatedOnToolsVersion = 6.1.1;
						TestTargetID = 32B642D01A80FBCB00FD6341;
					};
				};
			};
			buildConfigurationList = 32B642CC1A80FBCB00FD6341 /* Build configuration list for PBXProject "sticker" */;
			compatibilityVersion = "Xcode 3.2";
			developmentRegion = English;
			hasScannedForEncodings = 0;
			knownRegions = (
				en,
				Base,
			);
			mainGroup = 32B642C81A80FBCB00FD6341;
			productRefGroup = 32B642D21A80FBCB00FD6341 /* Products */;
			projectDirPath = "";
			projectRoot = "";
			targets = (
				32B642D01A80FBCB00FD6341 /* sticker */,
				32B642EC1A80FBCB00FD6341 /* stickerTests */,
			);
		};
/* End PBXProject section */

/* Begin PBXResourcesBuildPhase section */
		32B642CF1A80FBCB00FD6341 /* Resources */ = {
			isa = PBXResourcesBuildPhase;
			buildActionMask = 2147483647;
			files = (
				32B642E31A80FBCB00FD6341 /* Main.storyboard in Resources */,
				32B642E81A80FBCB00FD6341 /* LaunchScreen.xib in Resources */,
				32B642E51A80FBCB00FD6341 /* Images.xcassets in Resources */,
			);
			runOnlyForDeploymentPostprocessing = 0;
		};
		32B642EB1A80FBCB00FD6341 /* Resources */ = {
			isa = PBXResourcesBuildPhase;
			buildActionMask = 2147483647;
			files = (
			);
			runOnlyForDeploymentPostprocessing = 0;
		};
/* End PBXResourcesBuildPhase section */

/* Begin PBXShellScriptBuildPhase section */
		30DEC072D7F367ACFDD25803 /* Copy Pods Resources */ = {
			isa = PBXShellScriptBuildPhase;
			buildActionMask = 2147483647;
			files = (
			);
			inputPaths = (
			);
			name = "Copy Pods Resources";
			outputPaths = (
			);
			runOnlyForDeploymentPostprocessing = 0;
			shellPath = /bin/sh;
			shellScript = "\"${SRCROOT}/Pods/Target Support Files/Pods/Pods-resources.sh\"\n";
			showEnvVarsInLog = 0;
		};
		321CE9AC3F37AB2D9DAC33E4 /* Check Pods Manifest.lock */ = {
			isa = PBXShellScriptBuildPhase;
			buildActionMask = 2147483647;
			files = (
			);
			inputPaths = (
			);
			name = "Check Pods Manifest.lock";
			outputPaths = (
			);
			runOnlyForDeploymentPostprocessing = 0;
			shellPath = /bin/sh;
			shellScript = "diff \"${PODS_ROOT}/../Podfile.lock\" \"${PODS_ROOT}/Manifest.lock\" > /dev/null\nif [[ $? != 0 ]] ; then\n    cat << EOM\nerror: The sandbox is not in sync with the Podfile.lock. Run 'pod install' or update your CocoaPods installation.\nEOM\n    exit 1\nfi\n";
			showEnvVarsInLog = 0;
		};
/* End PBXShellScriptBuildPhase section */

/* Begin PBXSourcesBuildPhase section */
		32B642CD1A80FBCB00FD6341 /* Sources */ = {
			isa = PBXSourcesBuildPhase;
			buildActionMask = 2147483647;
			files = (
				32B642DA1A80FBCB00FD6341 /* AppDelegate.m in Sources */,
				3239F9111A81043A00C4DDB2 /* StickerSelectionView.m in Sources */,
				32B642DD1A80FBCB00FD6341 /* sticker.xcdatamodeld in Sources */,
				32B642FF1A80FD7D00FD6341 /* WorkView.m in Sources */,
				3239F9141A81133800C4DDB2 /* SuccessViewController.m in Sources */,
				32B643061A81003200FD6341 /* StickerView.m in Sources */,
				32B643091A8100BE00FD6341 /* ZYUIImagePickerHelper.m in Sources */,
				32B642E01A80FBCB00FD6341 /* ViewController.m in Sources */,
				32B642D71A80FBCB00FD6341 /* main.m in Sources */,
				3239F90E1A81041200C4DDB2 /* StickerCell.m in Sources */,
				32B643031A80FDBB00FD6341 /* Sticker.m in Sources */,
			);
			runOnlyForDeploymentPostprocessing = 0;
		};
		32B642E91A80FBCB00FD6341 /* Sources */ = {
			isa = PBXSourcesBuildPhase;
			buildActionMask = 2147483647;
			files = (
				32B642F41A80FBCB00FD6341 /* stickerTests.m in Sources */,
			);
			runOnlyForDeploymentPostprocessing = 0;
		};
/* End PBXSourcesBuildPhase section */

/* Begin PBXTargetDependency section */
		32B642EF1A80FBCB00FD6341 /* PBXTargetDependency */ = {
			isa = PBXTargetDependency;
			target = 32B642D01A80FBCB00FD6341 /* sticker */;
			targetProxy = 32B642EE1A80FBCB00FD6341 /* PBXContainerItemProxy */;
		};
/* End PBXTargetDependency section */

/* Begin PBXVariantGroup section */
		32B642E11A80FBCB00FD6341 /* Main.storyboard */ = {
			isa = PBXVariantGroup;
			children = (
				32B642E21A80FBCB00FD6341 /* Base */,
			);
			name = Main.storyboard;
			sourceTree = "<group>";
		};
		32B642E61A80FBCB00FD6341 /* LaunchScreen.xib */ = {
			isa = PBXVariantGroup;
			children = (
				32B642E71A80FBCB00FD6341 /* Base */,
			);
			name = LaunchScreen.xib;
			sourceTree = "<group>";
		};
/* End PBXVariantGroup section */

/* Begin XCBuildConfiguration section */
		32B642F51A80FBCB00FD6341 /* Debug */ = {
			isa = XCBuildConfiguration;
			buildSettings = {
				ALWAYS_SEARCH_USER_PATHS = NO;
				CLANG_CXX_LANGUAGE_STANDARD = "gnu++0x";
				CLANG_CXX_LIBRARY = "libc++";
				CLANG_ENABLE_MODULES = YES;
				CLANG_ENABLE_OBJC_ARC = YES;
				CLANG_WARN_BOOL_CONVERSION = YES;
				CLANG_WARN_CONSTANT_CONVERSION = YES;
				CLANG_WARN_DIRECT_OBJC_ISA_USAGE = YES_ERROR;
				CLANG_WARN_EMPTY_BODY = YES;
				CLANG_WARN_ENUM_CONVERSION = YES;
				CLANG_WARN_INT_CONVERSION = YES;
				CLANG_WARN_OBJC_ROOT_CLASS = YES_ERROR;
				CLANG_WARN_UNREACHABLE_CODE = YES;
				CLANG_WARN__DUPLICATE_METHOD_MATCH = YES;
				"CODE_SIGN_IDENTITY[sdk=iphoneos*]" = "iPhone Developer";
				COPY_PHASE_STRIP = NO;
				ENABLE_STRICT_OBJC_MSGSEND = YES;
				GCC_C_LANGUAGE_STANDARD = gnu99;
				GCC_DYNAMIC_NO_PIC = NO;
				GCC_OPTIMIZATION_LEVEL = 0;
				GCC_PREPROCESSOR_DEFINITIONS = (
					"DEBUG=1",
					"$(inherited)",
				);
				GCC_SYMBOLS_PRIVATE_EXTERN = NO;
				GCC_WARN_64_TO_32_BIT_CONVERSION = YES;
				GCC_WARN_ABOUT_RETURN_TYPE = YES_ERROR;
				GCC_WARN_UNDECLARED_SELECTOR = YES;
				GCC_WARN_UNINITIALIZED_AUTOS = YES_AGGRESSIVE;
				GCC_WARN_UNUSED_FUNCTION = YES;
				GCC_WARN_UNUSED_VARIABLE = YES;
				IPHONEOS_DEPLOYMENT_TARGET = 8.1;
				MTL_ENABLE_DEBUG_INFO = YES;
				ONLY_ACTIVE_ARCH = YES;
				SDKROOT = iphoneos;
			};
			name = Debug;
		};
		32B642F61A80FBCB00FD6341 /* Release */ = {
			isa = XCBuildConfiguration;
			buildSettings = {
				ALWAYS_SEARCH_USER_PATHS = NO;
				CLANG_CXX_LANGUAGE_STANDARD = "gnu++0x";
				CLANG_CXX_LIBRARY = "libc++";
				CLANG_ENABLE_MODULES = YES;
				CLANG_ENABLE_OBJC_ARC = YES;
				CLANG_WARN_BOOL_CONVERSION = YES;
				CLANG_WARN_CONSTANT_CONVERSION = YES;
				CLANG_WARN_DIRECT_OBJC_ISA_USAGE = YES_ERROR;
				CLANG_WARN_EMPTY_BODY = YES;
				CLANG_WARN_ENUM_CONVERSION = YES;
				CLANG_WARN_INT_CONVERSION = YES;
				CLANG_WARN_OBJC_ROOT_CLASS = YES_ERROR;
				CLANG_WARN_UNREACHABLE_CODE = YES;
				CLANG_WARN__DUPLICATE_METHOD_MATCH = YES;
				"CODE_SIGN_IDENTITY[sdk=iphoneos*]" = "iPhone Developer";
				COPY_PHASE_STRIP = YES;
				ENABLE_NS_ASSERTIONS = NO;
				ENABLE_STRICT_OBJC_MSGSEND = YES;
				GCC_C_LANGUAGE_STANDARD = gnu99;
				GCC_WARN_64_TO_32_BIT_CONVERSION = YES;
				GCC_WARN_ABOUT_RETURN_TYPE = YES_ERROR;
				GCC_WARN_UNDECLARED_SELECTOR = YES;
				GCC_WARN_UNINITIALIZED_AUTOS = YES_AGGRESSIVE;
				GCC_WARN_UNUSED_FUNCTION = YES;
				GCC_WARN_UNUSED_VARIABLE = YES;
				IPHONEOS_DEPLOYMENT_TARGET = 8.1;
				MTL_ENABLE_DEBUG_INFO = NO;
				SDKROOT = iphoneos;
				VALIDATE_PRODUCT = YES;
			};
			name = Release;
		};
		32B642F81A80FBCB00FD6341 /* Debug */ = {
			isa = XCBuildConfiguration;
			baseConfigurationReference = C4949CBA1412E618012CA765 /* Pods.debug.xcconfig */;
			buildSettings = {
				ASSETCATALOG_COMPILER_APPICON_NAME = AppIcon;
				INFOPLIST_FILE = sticker/Info.plist;
				LD_RUNPATH_SEARCH_PATHS = "$(inherited) @executable_path/Frameworks";
				PRODUCT_NAME = "$(TARGET_NAME)";
			};
			name = Debug;
		};
		32B642F91A80FBCB00FD6341 /* Release */ = {
			isa = XCBuildConfiguration;
			baseConfigurationReference = DDE4CDD5677DC3040C816F6E /* Pods.release.xcconfig */;
			buildSettings = {
				ASSETCATALOG_COMPILER_APPICON_NAME = AppIcon;
				INFOPLIST_FILE = sticker/Info.plist;
				LD_RUNPATH_SEARCH_PATHS = "$(inherited) @executable_path/Frameworks";
				PRODUCT_NAME = "$(TARGET_NAME)";
			};
			name = Release;
		};
		32B642FB1A80FBCB00FD6341 /* Debug */ = {
			isa = XCBuildConfiguration;
			buildSettings = {
				BUNDLE_LOADER = "$(TEST_HOST)";
				FRAMEWORK_SEARCH_PATHS = (
					"$(SDKROOT)/Developer/Library/Frameworks",
					"$(inherited)",
				);
				GCC_PREPROCESSOR_DEFINITIONS = (
					"DEBUG=1",
					"$(inherited)",
				);
				INFOPLIST_FILE = stickerTests/Info.plist;
				LD_RUNPATH_SEARCH_PATHS = "$(inherited) @executable_path/Frameworks @loader_path/Frameworks";
				PRODUCT_NAME = "$(TARGET_NAME)";
				TEST_HOST = "$(BUILT_PRODUCTS_DIR)/sticker.app/sticker";
			};
			name = Debug;
		};
		32B642FC1A80FBCB00FD6341 /* Release */ = {
			isa = XCBuildConfiguration;
			buildSettings = {
				BUNDLE_LOADER = "$(TEST_HOST)";
				FRAMEWORK_SEARCH_PATHS = (
					"$(SDKROOT)/Developer/Library/Frameworks",
					"$(inherited)",
				);
				INFOPLIST_FILE = stickerTests/Info.plist;
				LD_RUNPATH_SEARCH_PATHS = "$(inherited) @executable_path/Frameworks @loader_path/Frameworks";
				PRODUCT_NAME = "$(TARGET_NAME)";
				TEST_HOST = "$(BUILT_PRODUCTS_DIR)/sticker.app/sticker";
			};
			name = Release;
		};
/* End XCBuildConfiguration section */

/* Begin XCConfigurationList section */
		32B642CC1A80FBCB00FD6341 /* Build configuration list for PBXProject "sticker" */ = {
			isa = XCConfigurationList;
			buildConfigurations = (
				32B642F51A80FBCB00FD6341 /* Debug */,
				32B642F61A80FBCB00FD6341 /* Release */,
			);
			defaultConfigurationIsVisible = 0;
			defaultConfigurationName = Release;
		};
		32B642F71A80FBCB00FD6341 /* Build configuration list for PBXNativeTarget "sticker" */ = {
			isa = XCConfigurationList;
			buildConfigurations = (
				32B642F81A80FBCB00FD6341 /* Debug */,
				32B642F91A80FBCB00FD6341 /* Release */,
			);
			defaultConfigurationIsVisible = 0;
			defaultConfigurationName = Release;
		};
		32B642FA1A80FBCB00FD6341 /* Build configuration list for PBXNativeTarget "stickerTests" */ = {
			isa = XCConfigurationList;
			buildConfigurations = (
				32B642FB1A80FBCB00FD6341 /* Debug */,
				32B642FC1A80FBCB00FD6341 /* Release */,
			);
			defaultConfigurationIsVisible = 0;
			defaultConfigurationName = Release;
		};
/* End XCConfigurationList section */

/* Begin XCVersionGroup section */
		32B642DB1A80FBCB00FD6341 /* sticker.xcdatamodeld */ = {
			isa = XCVersionGroup;
			children = (
				32B642DC1A80FBCB00FD6341 /* sticker.xcdatamodel */,
			);
			currentVersion = 32B642DC1A80FBCB00FD6341 /* sticker.xcdatamodel */;
			path = sticker.xcdatamodeld;
			sourceTree = "<group>";
			versionGroupType = wrapper.xcdatamodel;
		};
/* End XCVersionGroup section */
	};
	rootObject = 32B642C91A80FBCB00FD6341 /* Project object */;
}
